
Microsoft Visual Studio Solution File, Format Version 12.00
# Visual Studio Version 17
VisualStudioVersion = 17.2.32526.322
MinimumVisualStudioVersion = 10.0.40219.1
Project("{FAE04EC0-301F-11D3-BF4B-00C04F79EFBC}") = "ConsoleShooter", "ConsoleShooter\ConsoleShooter.csproj", "{8AF10FC1-EA17-46EB-9BFA-65448B12DD15}"
EndProject
Global
	GlobalSection(SolutionConfigurationPlatforms) = preSolution
		Debug|Any CPU = Debug|Any CPU
		Release|Any CPU = Release|Any CPU
	EndGlobalSection
	GlobalSection(ProjectConfigurationPlatforms) = postSolution
		{8AF10FC1-EA17-46EB-9BFA-65448B12DD15}.Debug|Any CPU.ActiveCfg = Debug|Any CPU
		{8AF10FC1-EA17-46EB-9BFA-65448B12DD15}.Debug|Any CPU.Build.0 = Debug|Any CPU
		{8AF10FC1-EA17-46EB-9BFA-65448B12DD15}.Release|Any CPU.ActiveCfg = Release|Any CPU
		{8AF10FC1-EA17-46EB-9BFA-65448B12DD15}.Release|Any CPU.Build.0 = Release|Any CPU
	EndGlobalSection
	GlobalSection(SolutionProperties) = preSolution
		HideSolutionNode = FALSE
	EndGlobalSection
	GlobalSection(ExtensibilityGlobals) = postSolution
		SolutionGuid = {CD6170AC-1371-4172-BAFE-8F5F2C95D7C7}
	EndGlobalSection
EndGlobal
